
Microsoft Visual Studio Solution File, Format Version 12.00
# Visual Studio Version 17
VisualStudioVersion = 17.11.35111.106
MinimumVisualStudioVersion = 10.0.40219.1
Project("{9A19103F-16F7-4668-BE54-9A1E7A4F7556}") = "Planner.Wpf", "Src\Planner.Wpf\Planner.Wpf.csproj", "{68964DF7-5B60-4B24-93BD-E66A2BD485DA}"
EndProject
Project("{9A19103F-16F7-4668-BE54-9A1E7A4F7556}") = "Planner.Wpf.Test", "Src\Planner.Wpf.Test\Planner.Wpf.Test.csproj", "{F0CBA9E9-8FF4-4CDD-B91F-4BB39A7F54BF}"
EndProject
Project("{9A19103F-16F7-4668-BE54-9A1E7A4F7556}") = "Planner.Models", "Src\Planner.Models\Planner.Models.csproj", "{1B0E7202-99E0-4412-9442-05EA6128C5CC}"
EndProject
Project("{9A19103F-16F7-4668-BE54-9A1E7A4F7556}") = "Planner.Repository", "Src\Planner.Repository\Planner.Repository.csproj", "{4A4E7E97-356D-4032-8D97-A1340993432F}"
EndProject
Project("{9A19103F-16F7-4668-BE54-9A1E7A4F7556}") = "Planner.Repository.Test", "Src\Planner.Repository.Test\Planner.Repository.Test.csproj", "{BC426516-D69C-4895-8704-D056F7C2E9DD}"
EndProject
Project("{9A19103F-16F7-4668-BE54-9A1E7A4F7556}") = "Planner.Web", "Src\Planner.Web\Planner.Web.csproj", "{BB6A1770-FB3E-4EB5-9A22-BCABD81CFB31}"
EndProject
Project("{9A19103F-16F7-4668-BE54-9A1E7A4F7556}") = "Planner.Web.Test", "Src\Planner.Web.Test\Planner.Web.Test.csproj", "{055C80E5-0F5B-4442-AA0F-CE7EB4B694F5}"
EndProject
Project("{9A19103F-16F7-4668-BE54-9A1E7A4F7556}") = "Planner.Repository.Web", "Src\Planner.Repository.Web\Planner.Repository.Web.csproj", "{B37BDBE7-C81B-448B-9EBC-207B88D8BC41}"
EndProject
Project("{9A19103F-16F7-4668-BE54-9A1E7A4F7556}") = "Planner.Blazor", "Src\Planner.Blazor\Planner.Blazor.csproj", "{701576D8-599C-4C01-B0D0-58E32F63CC4A}"
EndProject
Project("{9A19103F-16F7-4668-BE54-9A1E7A4F7556}") = "Planner.Maui", "Src\Planner.Maui\Planner.Maui.csproj", "{BC521167-B029-4FAA-A708-82D20821DFBC}"
EndProject
Project("{9A19103F-16F7-4668-BE54-9A1E7A4F7556}") = "Planner.CommonUI", "Src\Planner.CommonmUI\Planner.CommonUI.csproj", "{17469AA3-933C-48C0-97EC-748D0BEF79E0}"
EndProject
Project("{FAE04EC0-301F-11D3-BF4B-00C04F79EFBC}") = "Planner.Maui.Test", "Src\Planner.Maui.Test\Planner.Maui.Test.csproj", "{3AFAB144-1F97-4305-9DA1-417F23DB881C}"
EndProject
Project("{FAE04EC0-301F-11D3-BF4B-00C04F79EFBC}") = "Planner.Test", "Src\Planner.Test\Planner.Test.csproj", "{88A22049-E157-0DD6-186B-3CF24183C9F8}"
EndProject
Global
	GlobalSection(SolutionConfigurationPlatforms) = preSolution
		Debug|Any CPU = Debug|Any CPU
		Release|Any CPU = Release|Any CPU
	EndGlobalSection
	GlobalSection(ProjectConfigurationPlatforms) = postSolution
		{68964DF7-5B60-4B24-93BD-E66A2BD485DA}.Debug|Any CPU.ActiveCfg = Debug|Any CPU
		{68964DF7-5B60-4B24-93BD-E66A2BD485DA}.Debug|Any CPU.Build.0 = Debug|Any CPU
		{68964DF7-5B60-4B24-93BD-E66A2BD485DA}.Release|Any CPU.ActiveCfg = Release|Any CPU
		{68964DF7-5B60-4B24-93BD-E66A2BD485DA}.Release|Any CPU.Build.0 = Release|Any CPU
		{F0CBA9E9-8FF4-4CDD-B91F-4BB39A7F54BF}.Debug|Any CPU.ActiveCfg = Debug|Any CPU
		{F0CBA9E9-8FF4-4CDD-B91F-4BB39A7F54BF}.Debug|Any CPU.Build.0 = Debug|Any CPU
		{F0CBA9E9-8FF4-4CDD-B91F-4BB39A7F54BF}.Release|Any CPU.ActiveCfg = Release|Any CPU
		{F0CBA9E9-8FF4-4CDD-B91F-4BB39A7F54BF}.Release|Any CPU.Build.0 = Release|Any CPU
		{1B0E7202-99E0-4412-9442-05EA6128C5CC}.Debug|Any CPU.ActiveCfg = Debug|Any CPU
		{1B0E7202-99E0-4412-9442-05EA6128C5CC}.Debug|Any CPU.Build.0 = Debug|Any CPU
		{1B0E7202-99E0-4412-9442-05EA6128C5CC}.Release|Any CPU.ActiveCfg = Release|Any CPU
		{1B0E7202-99E0-4412-9442-05EA6128C5CC}.Release|Any CPU.Build.0 = Release|Any CPU
		{4A4E7E97-356D-4032-8D97-A1340993432F}.Debug|Any CPU.ActiveCfg = Debug|Any CPU
		{4A4E7E97-356D-4032-8D97-A1340993432F}.Debug|Any CPU.Build.0 = Debug|Any CPU
		{4A4E7E97-356D-4032-8D97-A1340993432F}.Release|Any CPU.ActiveCfg = Release|Any CPU
		{4A4E7E97-356D-4032-8D97-A1340993432F}.Release|Any CPU.Build.0 = Release|Any CPU
		{BC426516-D69C-4895-8704-D056F7C2E9DD}.Debug|Any CPU.ActiveCfg = Debug|Any CPU
		{BC426516-D69C-4895-8704-D056F7C2E9DD}.Debug|Any CPU.Build.0 = Debug|Any CPU
		{BC426516-D69C-4895-8704-D056F7C2E9DD}.Release|Any CPU.ActiveCfg = Release|Any CPU
		{BC426516-D69C-4895-8704-D056F7C2E9DD}.Release|Any CPU.Build.0 = Release|Any CPU
		{BB6A1770-FB3E-4EB5-9A22-BCABD81CFB31}.Debug|Any CPU.ActiveCfg = Debug|Any CPU
		{BB6A1770-FB3E-4EB5-9A22-BCABD81CFB31}.Debug|Any CPU.Build.0 = Debug|Any CPU
		{BB6A1770-FB3E-4EB5-9A22-BCABD81CFB31}.Release|Any CPU.ActiveCfg = Release|Any CPU
		{BB6A1770-FB3E-4EB5-9A22-BCABD81CFB31}.Release|Any CPU.Build.0 = Release|Any CPU
		{055C80E5-0F5B-4442-AA0F-CE7EB4B694F5}.Debug|Any CPU.ActiveCfg = Debug|Any CPU
		{055C80E5-0F5B-4442-AA0F-CE7EB4B694F5}.Debug|Any CPU.Build.0 = Debug|Any CPU
		{055C80E5-0F5B-4442-AA0F-CE7EB4B694F5}.Release|Any CPU.ActiveCfg = Release|Any CPU
		{055C80E5-0F5B-4442-AA0F-CE7EB4B694F5}.Release|Any CPU.Build.0 = Release|Any CPU
		{B37BDBE7-C81B-448B-9EBC-207B88D8BC41}.Debug|Any CPU.ActiveCfg = Debug|Any CPU
		{B37BDBE7-C81B-448B-9EBC-207B88D8BC41}.Debug|Any CPU.Build.0 = Debug|Any CPU
		{B37BDBE7-C81B-448B-9EBC-207B88D8BC41}.Release|Any CPU.ActiveCfg = Release|Any CPU
		{B37BDBE7-C81B-448B-9EBC-207B88D8BC41}.Release|Any CPU.Build.0 = Release|Any CPU
		{701576D8-599C-4C01-B0D0-58E32F63CC4A}.Debug|Any CPU.ActiveCfg = Debug|Any CPU
		{701576D8-599C-4C01-B0D0-58E32F63CC4A}.Debug|Any CPU.Build.0 = Debug|Any CPU
		{701576D8-599C-4C01-B0D0-58E32F63CC4A}.Release|Any CPU.ActiveCfg = Release|Any CPU
		{701576D8-599C-4C01-B0D0-58E32F63CC4A}.Release|Any CPU.Build.0 = Release|Any CPU
		{BC521167-B029-4FAA-A708-82D20821DFBC}.Debug|Any CPU.ActiveCfg = Debug|Any CPU
		{BC521167-B029-4FAA-A708-82D20821DFBC}.Debug|Any CPU.Build.0 = Debug|Any CPU
		{BC521167-B029-4FAA-A708-82D20821DFBC}.Debug|Any CPU.Deploy.0 = Debug|Any CPU
		{BC521167-B029-4FAA-A708-82D20821DFBC}.Release|Any CPU.ActiveCfg = Release|Any CPU
		{BC521167-B029-4FAA-A708-82D20821DFBC}.Release|Any CPU.Build.0 = Release|Any CPU
		{BC521167-B029-4FAA-A708-82D20821DFBC}.Release|Any CPU.Deploy.0 = Release|Any CPU
		{17469AA3-933C-48C0-97EC-748D0BEF79E0}.Debug|Any CPU.ActiveCfg = Debug|Any CPU
		{17469AA3-933C-48C0-97EC-748D0BEF79E0}.Debug|Any CPU.Build.0 = Debug|Any CPU
		{17469AA3-933C-48C0-97EC-748D0BEF79E0}.Release|Any CPU.ActiveCfg = Release|Any CPU
		{17469AA3-933C-48C0-97EC-748D0BEF79E0}.Release|Any CPU.Build.0 = Release|Any CPU
		{3AFAB144-1F97-4305-9DA1-417F23DB881C}.Debug|Any CPU.ActiveCfg = Debug|Any CPU
		{3AFAB144-1F97-4305-9DA1-417F23DB881C}.Debug|Any CPU.Build.0 = Debug|Any CPU
		{3AFAB144-1F97-4305-9DA1-417F23DB881C}.Release|Any CPU.ActiveCfg = Release|Any CPU
		{3AFAB144-1F97-4305-9DA1-417F23DB881C}.Release|Any CPU.Build.0 = Release|Any CPU
		{88A22049-E157-0DD6-186B-3CF24183C9F8}.Debug|Any CPU.ActiveCfg = Debug|Any CPU
		{88A22049-E157-0DD6-186B-3CF24183C9F8}.Debug|Any CPU.Build.0 = Debug|Any CPU
		{88A22049-E157-0DD6-186B-3CF24183C9F8}.Release|Any CPU.ActiveCfg = Release|Any CPU
		{88A22049-E157-0DD6-186B-3CF24183C9F8}.Release|Any CPU.Build.0 = Release|Any CPU
	EndGlobalSection
	GlobalSection(SolutionProperties) = preSolution
		HideSolutionNode = FALSE
	EndGlobalSection
	GlobalSection(ExtensibilityGlobals) = postSolution
		SolutionGuid = {F9FAC64A-523B-43CE-BC05-DD65E1892EC6}
	EndGlobalSection
EndGlobal
